// !$*UTF8*$!
{
	archiveVersion = 1;
	classes = {
	};
	objectVersion = 45;
	objects = {

/* Begin PBXBuildFile section */
		1D3623260D0F684500981E51 /* etoileAppDelegate.m in Sources */ = {isa = PBXBuildFile; fileRef = 1D3623250D0F684500981E51 /* etoileAppDelegate.m */; };
		1D60589B0D05DD56006BFB54 /* main.m in Sources */ = {isa = PBXBuildFile; fileRef = 29B97316FDCFA39411CA2CEA /* main.m */; };
		1D60589F0D05DD5A006BFB54 /* Foundation.framework in Frameworks */ = {isa = PBXBuildFile; fileRef = 1D30AB110D05D00D00671497 /* Foundation.framework */; };
		1DF5F4E00D08C38300B7A737 /* UIKit.framework in Frameworks */ = {isa = PBXBuildFile; fileRef = 1DF5F4DF0D08C38300B7A737 /* UIKit.framework */; };
		280E754D0DD40C5E005A515E /* AboutView.xib in Resources */ = {isa = PBXBuildFile; fileRef = 280E754A0DD40C5E005A515E /* AboutView.xib */; };
		280E754E0DD40C5E005A515E /* MainView.xib in Resources */ = {isa = PBXBuildFile; fileRef = 280E754B0DD40C5E005A515E /* MainView.xib */; };
		280E754F0DD40C5E005A515E /* MainWindow.xib in Resources */ = {isa = PBXBuildFile; fileRef = 280E754C0DD40C5E005A515E /* MainWindow.xib */; };
		288765590DF743DE002DB57D /* CoreGraphics.framework in Frameworks */ = {isa = PBXBuildFile; fileRef = 288765580DF743DE002DB57D /* CoreGraphics.framework */; };
		412488710FDCF6820053E923 /* button_etoile.png in Resources */ = {isa = PBXBuildFile; fileRef = 412488700FDCF6820053E923 /* button_etoile.png */; };
		4124899C0FDD11270053E923 /* etoile.png in Resources */ = {isa = PBXBuildFile; fileRef = 4124899B0FDD11270053E923 /* etoile.png */; };
		412D5373101A54F100BBF1F0 /* www in Resources */ = {isa = PBXBuildFile; fileRef = 412D5372101A54F100BBF1F0 /* www */; };
		413882F60FDF935800732FFC /* Default.png in Resources */ = {isa = PBXBuildFile; fileRef = 413882F50FDF935800732FFC /* Default.png */; };
		413883160FDF9EFD00732FFC /* mtt.png in Resources */ = {isa = PBXBuildFile; fileRef = 413883150FDF9EFD00732FFC /* mtt.png */; };
		413883710FDFA84F00732FFC /* fist.png in Resources */ = {isa = PBXBuildFile; fileRef = 413883700FDFA84F00732FFC /* fist.png */; };
		415F114C0FDBAE950089F07D /* aaa.png in Resources */ = {isa = PBXBuildFile; fileRef = 415F11490FDBAE950089F07D /* aaa.png */; };
		415F114D0FDBAE950089F07D /* button_minus.png in Resources */ = {isa = PBXBuildFile; fileRef = 415F114A0FDBAE950089F07D /* button_minus.png */; };
		415F114E0FDBAE950089F07D /* button_plus.png in Resources */ = {isa = PBXBuildFile; fileRef = 415F114B0FDBAE950089F07D /* button_plus.png */; };
		415F116D0FDBB1FC0089F07D /* button_more.png in Resources */ = {isa = PBXBuildFile; fileRef = 415F116C0FDBB1FC0089F07D /* button_more.png */; };
		4185AC021028128C0027F373 /* MessageUI.framework in Frameworks */ = {isa = PBXBuildFile; fileRef = 4185AC011028128C0027F373 /* MessageUI.framework */; settings = {ATTRIBUTES = (Weak, ); }; };
		41B4D7370FDC812B006DBF86 /* keyboard_close.png in Resources */ = {isa = PBXBuildFile; fileRef = 41B4D7340FDC812B006DBF86 /* keyboard_close.png */; };
		41B4D7380FDC812B006DBF86 /* keyboard_open.png in Resources */ = {isa = PBXBuildFile; fileRef = 41B4D7350FDC812B006DBF86 /* keyboard_open.png */; };
		41B4D7390FDC812B006DBF86 /* button_scroll.png in Resources */ = {isa = PBXBuildFile; fileRef = 41B4D7360FDC812B006DBF86 /* button_scroll.png */; };
		41B4D73C0FDC8247006DBF86 /* bkgnd_plain.png in Resources */ = {isa = PBXBuildFile; fileRef = 41B4D73A0FDC8247006DBF86 /* bkgnd_plain.png */; };
		41B4D73D0FDC8247006DBF86 /* title_bar.png in Resources */ = {isa = PBXBuildFile; fileRef = 41B4D73B0FDC8247006DBF86 /* title_bar.png */; };
		41B4D85D0FDCBFC6006DBF86 /* ScrollView.xib in Resources */ = {isa = PBXBuildFile; fileRef = 41B4D85C0FDCBFC6006DBF86 /* ScrollView.xib */; };
		41B4D8620FDCC08B006DBF86 /* MoreViewController.m in Sources */ = {isa = PBXBuildFile; fileRef = 41B4D8610FDCC08B006DBF86 /* MoreViewController.m */; };
		41B4D8650FDCC096006DBF86 /* MainViewController.m in Sources */ = {isa = PBXBuildFile; fileRef = 41B4D8640FDCC096006DBF86 /* MainViewController.m */; };
		41B4D8690FDCC0C0006DBF86 /* ScrollViewController.m in Sources */ = {isa = PBXBuildFile; fileRef = 41B4D8680FDCC0C0006DBF86 /* ScrollViewController.m */; };
		41B4D88E0FDCCBC1006DBF86 /* QuartzCore.framework in Frameworks */ = {isa = PBXBuildFile; fileRef = 41B4D88D0FDCCBC1006DBF86 /* QuartzCore.framework */; };
		41D1C3090FDE85F3007899E6 /* etoile_57.png in Resources */ = {isa = PBXBuildFile; fileRef = 41D1C3080FDE85F3007899E6 /* etoile_57.png */; };
/* End PBXBuildFile section */

/* Begin PBXFileReference section */
		1D30AB110D05D00D00671497 /* Foundation.framework */ = {isa = PBXFileReference; lastKnownFileType = wrapper.framework; name = Foundation.framework; path = System/Library/Frameworks/Foundation.framework; sourceTree = SDKROOT; };
		1D3623240D0F684500981E51 /* etoileAppDelegate.h */ = {isa = PBXFileReference; fileEncoding = 4; lastKnownFileType = sourcecode.c.h; path = etoileAppDelegate.h; sourceTree = "<group>"; };
		1D3623250D0F684500981E51 /* etoileAppDelegate.m */ = {isa = PBXFileReference; fileEncoding = 4; lastKnownFileType = sourcecode.c.objc; path = etoileAppDelegate.m; sourceTree = "<group>"; };
		1D6058910D05DD3D006BFB54 /* etoile.app */ = {isa = PBXFileReference; explicitFileType = wrapper.application; includeInIndex = 0; path = etoile.app; sourceTree = BUILT_PRODUCTS_DIR; };
		1DF5F4DF0D08C38300B7A737 /* UIKit.framework */ = {isa = PBXFileReference; lastKnownFileType = wrapper.framework; name = UIKit.framework; path = System/Library/Frameworks/UIKit.framework; sourceTree = SDKROOT; };
		280E754A0DD40C5E005A515E /* AboutView.xib */ = {isa = PBXFileReference; lastKnownFileType = file.xib; path = AboutView.xib; sourceTree = "<group>"; };
		280E754B0DD40C5E005A515E /* MainView.xib */ = {isa = PBXFileReference; lastKnownFileType = file.xib; path = MainView.xib; sourceTree = "<group>"; };
		280E754C0DD40C5E005A515E /* MainWindow.xib */ = {isa = PBXFileReference; lastKnownFileType = file.xib; path = MainWindow.xib; sourceTree = "<group>"; };
		288765580DF743DE002DB57D /* CoreGraphics.framework */ = {isa = PBXFileReference; lastKnownFileType = wrapper.framework; name = CoreGraphics.framework; path = System/Library/Frameworks/CoreGraphics.framework; sourceTree = SDKROOT; };
		29B97316FDCFA39411CA2CEA /* main.m */ = {isa = PBXFileReference; fileEncoding = 4; lastKnownFileType = sourcecode.c.objc; path = main.m; sourceTree = "<group>"; };
		32CA4F630368D1EE00C91783 /* etoile_Prefix.pch */ = {isa = PBXFileReference; fileEncoding = 4; lastKnownFileType = sourcecode.c.h; path = etoile_Prefix.pch; sourceTree = "<group>"; };
		412488700FDCF6820053E923 /* button_etoile.png */ = {isa = PBXFileReference; lastKnownFileType = image.png; path = button_etoile.png; sourceTree = "<group>"; };
		4124899B0FDD11270053E923 /* etoile.png */ = {isa = PBXFileReference; lastKnownFileType = image.png; path = etoile.png; sourceTree = "<group>"; };
		412D5372101A54F100BBF1F0 /* www */ = {isa = PBXFileReference; lastKnownFileType = folder; path = www; sourceTree = "<group>"; };
		413882F50FDF935800732FFC /* Default.png */ = {isa = PBXFileReference; lastKnownFileType = image.png; path = Default.png; sourceTree = "<group>"; };
		413883150FDF9EFD00732FFC /* mtt.png */ = {isa = PBXFileReference; lastKnownFileType = image.png; path = mtt.png; sourceTree = "<group>"; };
		413883700FDFA84F00732FFC /* fist.png */ = {isa = PBXFileReference; lastKnownFileType = image.png; path = fist.png; sourceTree = "<group>"; };
		415F11490FDBAE950089F07D /* aaa.png */ = {isa = PBXFileReference; lastKnownFileType = image.png; path = aaa.png; sourceTree = "<group>"; };
		415F114A0FDBAE950089F07D /* button_minus.png */ = {isa = PBXFileReference; lastKnownFileType = image.png; path = button_minus.png; sourceTree = "<group>"; };
		415F114B0FDBAE950089F07D /* button_plus.png */ = {isa = PBXFileReference; lastKnownFileType = image.png; path = button_plus.png; sourceTree = "<group>"; };
		415F116C0FDBB1FC0089F07D /* button_more.png */ = {isa = PBXFileReference; lastKnownFileType = image.png; path = button_more.png; sourceTree = "<group>"; };
		4185AC011028128C0027F373 /* MessageUI.framework */ = {isa = PBXFileReference; lastKnownFileType = wrapper.framework; name = MessageUI.framework; path = System/Library/Frameworks/MessageUI.framework; sourceTree = SDKROOT; };
		41B4D7340FDC812B006DBF86 /* keyboard_close.png */ = {isa = PBXFileReference; lastKnownFileType = image.png; path = keyboard_close.png; sourceTree = "<group>"; };
		41B4D7350FDC812B006DBF86 /* keyboard_open.png */ = {isa = PBXFileReference; lastKnownFileType = image.png; path = keyboard_open.png; sourceTree = "<group>"; };
		41B4D7360FDC812B006DBF86 /* button_scroll.png */ = {isa = PBXFileReference; lastKnownFileType = image.png; path = button_scroll.png; sourceTree = "<group>"; };
		41B4D73A0FDC8247006DBF86 /* bkgnd_plain.png */ = {isa = PBXFileReference; lastKnownFileType = image.png; path = bkgnd_plain.png; sourceTree = "<group>"; };
		41B4D73B0FDC8247006DBF86 /* title_bar.png */ = {isa = PBXFileReference; lastKnownFileType = image.png; path = title_bar.png; sourceTree = "<group>"; };
		41B4D85C0FDCBFC6006DBF86 /* ScrollView.xib */ = {isa = PBXFileReference; lastKnownFileType = file.xib; path = ScrollView.xib; sourceTree = "<group>"; };
		41B4D8600FDCC08B006DBF86 /* MoreViewController.h */ = {isa = PBXFileReference; fileEncoding = 4; lastKnownFileType = sourcecode.c.h; path = MoreViewController.h; sourceTree = "<group>"; };
		41B4D8610FDCC08B006DBF86 /* MoreViewController.m */ = {isa = PBXFileReference; fileEncoding = 4; lastKnownFileType = sourcecode.c.objc; path = MoreViewController.m; sourceTree = "<group>"; };
		41B4D8630FDCC096006DBF86 /* MainViewController.h */ = {isa = PBXFileReference; fileEncoding = 4; lastKnownFileType = sourcecode.c.h; path = MainViewController.h; sourceTree = "<group>"; };
		41B4D8640FDCC096006DBF86 /* MainViewController.m */ = {isa = PBXFileReference; fileEncoding = 4; lastKnownFileType = sourcecode.c.objc; path = MainViewController.m; sourceTree = "<group>"; };
		41B4D8670FDCC0C0006DBF86 /* ScrollViewController.h */ = {isa = PBXFileReference; fileEncoding = 4; lastKnownFileType = sourcecode.c.h; path = ScrollViewController.h; sourceTree = "<group>"; };
		41B4D8680FDCC0C0006DBF86 /* ScrollViewController.m */ = {isa = PBXFileReference; fileEncoding = 4; lastKnownFileType = sourcecode.c.objc; path = ScrollViewController.m; sourceTree = "<group>"; };
		41B4D88D0FDCCBC1006DBF86 /* QuartzCore.framework */ = {isa = PBXFileReference; lastKnownFileType = wrapper.framework; name = QuartzCore.framework; path = /System/Library/Frameworks/QuartzCore.framework; sourceTree = "<absolute>"; };
		41D1C3080FDE85F3007899E6 /* etoile_57.png */ = {isa = PBXFileReference; lastKnownFileType = image.png; path = etoile_57.png; sourceTree = "<group>"; };
		8D1107310486CEB800E47090 /* etoile-Info.plist */ = {isa = PBXFileReference; fileEncoding = 4; lastKnownFileType = text.plist.xml; path = "etoile-Info.plist"; plistStructureDefinitionIdentifier = "com.apple.xcode.plist.structure-definition.iphone.info-plist"; sourceTree = "<group>"; };
/* End PBXFileReference section */

/* Begin PBXFrameworksBuildPhase section */
		1D60588F0D05DD3D006BFB54 /* Frameworks */ = {
			isa = PBXFrameworksBuildPhase;
			buildActionMask = 2147483647;
			files = (
				1D60589F0D05DD5A006BFB54 /* Foundation.framework in Frameworks */,
				1DF5F4E00D08C38300B7A737 /* UIKit.framework in Frameworks */,
				288765590DF743DE002DB57D /* CoreGraphics.framework in Frameworks */,
				41B4D88E0FDCCBC1006DBF86 /* QuartzCore.framework in Frameworks */,
				4185AC021028128C0027F373 /* MessageUI.framework in Frameworks */,
			);
			runOnlyForDeploymentPostprocessing = 0;
		};
/* End PBXFrameworksBuildPhase section */

/* Begin PBXGroup section */
		080E96DDFE201D6D7F000001 /* Application Delegate */ = {
			isa = PBXGroup;
			children = (
				1D3623240D0F684500981E51 /* etoileAppDelegate.h */,
				1D3623250D0F684500981E51 /* etoileAppDelegate.m */,
			);
			name = "Application Delegate";
			path = Classes;
			sourceTree = "<group>";
		};
		19C28FACFE9D520D11CA2CBB /* Products */ = {
			isa = PBXGroup;
			children = (
				1D6058910D05DD3D006BFB54 /* etoile.app */,
			);
			name = Products;
			sourceTree = "<group>";
		};
		281C6CD70DB2D82200F60ACC /* moreview */ = {
			isa = PBXGroup;
			children = (
				41B4D8600FDCC08B006DBF86 /* MoreViewController.h */,
				41B4D8610FDCC08B006DBF86 /* MoreViewController.m */,
			);
			name = moreview;
			path = Classes/moreview;
			sourceTree = "<group>";
		};
		289233A00DB2D0730083E9F9 /* mainview */ = {
			isa = PBXGroup;
			children = (
				41B4D8630FDCC096006DBF86 /* MainViewController.h */,
				41B4D8640FDCC096006DBF86 /* MainViewController.m */,
			);
			name = mainview;
			path = Classes/mainview;
			sourceTree = "<group>";
		};
		29B97314FDCFA39411CA2CEA /* CustomTemplate */ = {
			isa = PBXGroup;
			children = (
				415F11320FDBA58B0089F07D /* media */,
				289233A00DB2D0730083E9F9 /* mainview */,
				281C6CD70DB2D82200F60ACC /* moreview */,
				41B4D85F0FDCC063006DBF86 /* scrollview */,
				080E96DDFE201D6D7F000001 /* Application Delegate */,
				29B97315FDCFA39411CA2CEA /* Other Sources */,
				29B97317FDCFA39411CA2CEA /* Resources */,
				29B97323FDCFA39411CA2CEA /* Frameworks */,
				19C28FACFE9D520D11CA2CBB /* Products */,
				4185AC011028128C0027F373 /* MessageUI.framework */,
			);
			name = CustomTemplate;
			sourceTree = "<group>";
		};
		29B97315FDCFA39411CA2CEA /* Other Sources */ = {
			isa = PBXGroup;
			children = (
				32CA4F630368D1EE00C91783 /* etoile_Prefix.pch */,
				29B97316FDCFA39411CA2CEA /* main.m */,
			);
			name = "Other Sources";
			sourceTree = "<group>";
		};
		29B97317FDCFA39411CA2CEA /* Resources */ = {
			isa = PBXGroup;
			children = (
				412D5372101A54F100BBF1F0 /* www */,
				280E754A0DD40C5E005A515E /* AboutView.xib */,
				280E754B0DD40C5E005A515E /* MainView.xib */,
				280E754C0DD40C5E005A515E /* MainWindow.xib */,
				8D1107310486CEB800E47090 /* etoile-Info.plist */,
				41B4D85C0FDCBFC6006DBF86 /* ScrollView.xib */,
			);
			name = Resources;
			sourceTree = "<group>";
		};
		29B97323FDCFA39411CA2CEA /* Frameworks */ = {
			isa = PBXGroup;
			children = (
				41B4D88D0FDCCBC1006DBF86 /* QuartzCore.framework */,
				1DF5F4DF0D08C38300B7A737 /* UIKit.framework */,
				1D30AB110D05D00D00671497 /* Foundation.framework */,
				288765580DF743DE002DB57D /* CoreGraphics.framework */,
			);
			name = Frameworks;
			sourceTree = "<group>";
		};
		415F11320FDBA58B0089F07D /* media */ = {
			isa = PBXGroup;
			children = (
				415F11330FDBA5960089F07D /* gfx */,
			);
			path = media;
			sourceTree = "<group>";
		};
		415F11330FDBA5960089F07D /* gfx */ = {
			isa = PBXGroup;
			children = (
				413883700FDFA84F00732FFC /* fist.png */,
				413883150FDF9EFD00732FFC /* mtt.png */,
				413882F50FDF935800732FFC /* Default.png */,
				41D1C3080FDE85F3007899E6 /* etoile_57.png */,
				4124899B0FDD11270053E923 /* etoile.png */,
				412488700FDCF6820053E923 /* button_etoile.png */,
				41B4D73A0FDC8247006DBF86 /* bkgnd_plain.png */,
				41B4D73B0FDC8247006DBF86 /* title_bar.png */,
				41B4D7340FDC812B006DBF86 /* keyboard_close.png */,
				41B4D7350FDC812B006DBF86 /* keyboard_open.png */,
				41B4D7360FDC812B006DBF86 /* button_scroll.png */,
				415F116C0FDBB1FC0089F07D /* button_more.png */,
				415F11490FDBAE950089F07D /* aaa.png */,
				415F114A0FDBAE950089F07D /* button_minus.png */,
				415F114B0FDBAE950089F07D /* button_plus.png */,
			);
			path = gfx;
			sourceTree = "<group>";
		};
		41B4D85F0FDCC063006DBF86 /* scrollview */ = {
			isa = PBXGroup;
			children = (
				41B4D8670FDCC0C0006DBF86 /* ScrollViewController.h */,
				41B4D8680FDCC0C0006DBF86 /* ScrollViewController.m */,
			);
			name = scrollview;
			path = Classes/scrollview;
			sourceTree = "<group>";
		};
/* End PBXGroup section */

/* Begin PBXNativeTarget section */
		1D6058900D05DD3D006BFB54 /* etoile */ = {
			isa = PBXNativeTarget;
			buildConfigurationList = 1D6058960D05DD3E006BFB54 /* Build configuration list for PBXNativeTarget "etoile" */;
			buildPhases = (
				1D60588D0D05DD3D006BFB54 /* Resources */,
				1D60588E0D05DD3D006BFB54 /* Sources */,
				1D60588F0D05DD3D006BFB54 /* Frameworks */,
			);
			buildRules = (
			);
			dependencies = (
			);
			name = etoile;
			productName = etoile;
			productReference = 1D6058910D05DD3D006BFB54 /* etoile.app */;
			productType = "com.apple.product-type.application";
		};
/* End PBXNativeTarget section */

/* Begin PBXProject section */
		29B97313FDCFA39411CA2CEA /* Project object */ = {
			isa = PBXProject;
			buildConfigurationList = C01FCF4E08A954540054247B /* Build configuration list for PBXProject "etoile" */;
			compatibilityVersion = "Xcode 3.1";
			hasScannedForEncodings = 1;
			knownRegions = (
				English,
				Japanese,
				French,
				German,
				en,
			);
			mainGroup = 29B97314FDCFA39411CA2CEA /* CustomTemplate */;
			projectDirPath = "";
			projectRoot = "";
			targets = (
				1D6058900D05DD3D006BFB54 /* etoile */,
			);
		};
/* End PBXProject section */

/* Begin PBXResourcesBuildPhase section */
		1D60588D0D05DD3D006BFB54 /* Resources */ = {
			isa = PBXResourcesBuildPhase;
			buildActionMask = 2147483647;
			files = (
				280E754D0DD40C5E005A515E /* AboutView.xib in Resources */,
				280E754E0DD40C5E005A515E /* MainView.xib in Resources */,
				280E754F0DD40C5E005A515E /* MainWindow.xib in Resources */,
				415F114C0FDBAE950089F07D /* aaa.png in Resources */,
				415F114D0FDBAE950089F07D /* button_minus.png in Resources */,
				415F114E0FDBAE950089F07D /* button_plus.png in Resources */,
				415F116D0FDBB1FC0089F07D /* button_more.png in Resources */,
				41B4D7370FDC812B006DBF86 /* keyboard_close.png in Resources */,
				41B4D7380FDC812B006DBF86 /* keyboard_open.png in Resources */,
				41B4D7390FDC812B006DBF86 /* button_scroll.png in Resources */,
				41B4D73C0FDC8247006DBF86 /* bkgnd_plain.png in Resources */,
				41B4D73D0FDC8247006DBF86 /* title_bar.png in Resources */,
				41B4D85D0FDCBFC6006DBF86 /* ScrollView.xib in Resources */,
				412488710FDCF6820053E923 /* button_etoile.png in Resources */,
				4124899C0FDD11270053E923 /* etoile.png in Resources */,
				41D1C3090FDE85F3007899E6 /* etoile_57.png in Resources */,
				413882F60FDF935800732FFC /* Default.png in Resources */,
				413883160FDF9EFD00732FFC /* mtt.png in Resources */,
				413883710FDFA84F00732FFC /* fist.png in Resources */,
				412D5373101A54F100BBF1F0 /* www in Resources */,
			);
			runOnlyForDeploymentPostprocessing = 0;
		};
/* End PBXResourcesBuildPhase section */

/* Begin PBXSourcesBuildPhase section */
		1D60588E0D05DD3D006BFB54 /* Sources */ = {
			isa = PBXSourcesBuildPhase;
			buildActionMask = 2147483647;
			files = (
				1D60589B0D05DD56006BFB54 /* main.m in Sources */,
				1D3623260D0F684500981E51 /* etoileAppDelegate.m in Sources */,
				41B4D8620FDCC08B006DBF86 /* MoreViewController.m in Sources */,
				41B4D8650FDCC096006DBF86 /* MainViewController.m in Sources */,
				41B4D8690FDCC0C0006DBF86 /* ScrollViewController.m in Sources */,
			);
			runOnlyForDeploymentPostprocessing = 0;
		};
/* End PBXSourcesBuildPhase section */

/* Begin XCBuildConfiguration section */
		1D6058940D05DD3E006BFB54 /* Debug */ = {
			isa = XCBuildConfiguration;
			buildSettings = {
				ALWAYS_SEARCH_USER_PATHS = NO;
				COPY_PHASE_STRIP = NO;
				CST_AUDIO_NONE = YES;
				GCC_DYNAMIC_NO_PIC = NO;
				GCC_OPTIMIZATION_LEVEL = 0;
				GCC_PRECOMPILE_PREFIX_HEADER = YES;
				GCC_PREFIX_HEADER = etoile_Prefix.pch;
				GCC_PREPROCESSOR_DEFINITIONS = "DEBUG=1";
				INFOPLIST_FILE = "etoile-Info.plist";
				OTHER_LDFLAGS = (
					"\"-weak_framework MessageUI\"",
				);
				PRODUCT_NAME = etoile;
			};
			name = Debug;
		};
		1D6058950D05DD3E006BFB54 /* Release */ = {
			isa = XCBuildConfiguration;
			buildSettings = {
				ALWAYS_SEARCH_USER_PATHS = NO;
				COPY_PHASE_STRIP = YES;
				CST_AUDIO_NONE = YES;
				GCC_PRECOMPILE_PREFIX_HEADER = YES;
				GCC_PREFIX_HEADER = etoile_Prefix.pch;
				INFOPLIST_FILE = "etoile-Info.plist";
				OTHER_LDFLAGS = (
					"\"-weak_framework MessageUI\"",
				);
				PRODUCT_NAME = etoile;
			};
			name = Release;
		};
		413883870FDFB1BD00732FFC /* Distribution */ = {
			isa = XCBuildConfiguration;
			buildSettings = {
				ARCHS = "$(ARCHS_STANDARD_32_BIT)";
				"CODE_SIGN_IDENTITY[sdk=iphoneos*]" = "iPhone Distribution: Cleave Pokotea";
				GCC_C_LANGUAGE_STANDARD = c99;
				GCC_WARN_ABOUT_RETURN_TYPE = YES;
				GCC_WARN_UNUSED_VARIABLE = YES;
				IPHONEOS_DEPLOYMENT_TARGET = 2.0;
				PREBINDING = NO;
				"PROVISIONING_PROFILE[sdk=iphoneos*]" = "3961B258-260B-4663-A721-8021F4949F74";
				SDKROOT = iphoneos3.0;
			};
			name = Distribution;
		};
		413883880FDFB1BD00732FFC /* Distribution */ = {
			isa = XCBuildConfiguration;
			buildSettings = {
				ALWAYS_SEARCH_USER_PATHS = NO;
				COPY_PHASE_STRIP = YES;
				CST_AUDIO_NONE = YES;
				GCC_PRECOMPILE_PREFIX_HEADER = YES;
				GCC_PREFIX_HEADER = etoile_Prefix.pch;
				INFOPLIST_FILE = "etoile-Info.plist";
				OTHER_LDFLAGS = (
					"\"-weak_framework MessageUI\"",
				);
				PRODUCT_NAME = etoile;
			};
			name = Distribution;
		};
		C01FCF4F08A954540054247B /* Debug */ = {
			isa = XCBuildConfiguration;
			buildSettings = {
				ARCHS = "$(ARCHS_STANDARD_32_BIT)";
				"CODE_SIGN_IDENTITY[sdk=iphoneos*]" = "iPhone Developer";
				GCC_C_LANGUAGE_STANDARD = c99;
				GCC_WARN_ABOUT_RETURN_TYPE = YES;
				GCC_WARN_UNUSED_VARIABLE = YES;
				IPHONEOS_DEPLOYMENT_TARGET = 2.0;
				ONLY_ACTIVE_ARCH = YES;
				PREBINDING = NO;
				SDKROOT = iphoneos3.0;
			};
			name = Debug;
		};
		C01FCF5008A954540054247B /* Release */ = {
			isa = XCBuildConfiguration;
			buildSettings = {
				ARCHS = "$(ARCHS_STANDARD_32_BIT)";
				"CODE_SIGN_IDENTITY[sdk=iphoneos*]" = "iPhone Developer";
				GCC_C_LANGUAGE_STANDARD = c99;
				GCC_WARN_ABOUT_RETURN_TYPE = YES;
				GCC_WARN_UNUSED_VARIABLE = YES;
				IPHONEOS_DEPLOYMENT_TARGET = 2.0;
				PREBINDING = NO;
				SDKROOT = iphoneos3.0;
			};
			name = Release;
		};
/* End XCBuildConfiguration section */

/* Begin XCConfigurationList section */
		1D6058960D05DD3E006BFB54 /* Build configuration list for PBXNativeTarget "etoile" */ = {
			isa = XCConfigurationList;
			buildConfigurations = (
				1D6058940D05DD3E006BFB54 /* Debug */,
				1D6058950D05DD3E006BFB54 /* Release */,
				413883880FDFB1BD00732FFC /* Distribution */,
			);
			defaultConfigurationIsVisible = 0;
			defaultConfigurationName = Release;
		};
		C01FCF4E08A954540054247B /* Build configuration list for PBXProject "etoile" */ = {
			isa = XCConfigurationList;
			buildConfigurations = (
				C01FCF4F08A954540054247B /* Debug */,
				C01FCF5008A954540054247B /* Release */,
				413883870FDFB1BD00732FFC /* Distribution */,
			);
			defaultConfigurationIsVisible = 0;
			defaultConfigurationName = Release;
		};
/* End XCConfigurationList section */
	};
	rootObject = 29B97313FDCFA39411CA2CEA /* Project object */;
}
